
Microsoft Visual Studio Solution File, Format Version 12.00
# Visual Studio Version 17
VisualStudioVersion = 17.9.34728.123
MinimumVisualStudioVersion = 10.0.40219.1
Project("{9A19103F-16F7-4668-BE54-9A1E7A4F7556}") = "FundooDemo", "FundooDemo\FundooDemo.csproj", "{9BDFE519-CEC4-4F25-8184-EE00C1B8BFAD}"
EndProject
Project("{9A19103F-16F7-4668-BE54-9A1E7A4F7556}") = "RepoLayer", "RepoLayer\RepoLayer.csproj", "{ECB269E5-6FEA-4105-8B0A-3890CE33AF67}"
EndProject
Project("{9A19103F-16F7-4668-BE54-9A1E7A4F7556}") = "ModelLayer", "ModelLayer\ModelLayer.csproj", "{98900C05-36CC-4031-B3FB-A5D8186C93E7}"
EndProject
Project("{9A19103F-16F7-4668-BE54-9A1E7A4F7556}") = "BusinessLayer", "BusinessLayer\BusinessLayer.csproj", "{42DF0C08-A113-4638-A36A-7504A57E6FBC}"
EndProject
Project("{FAE04EC0-301F-11D3-BF4B-00C04F79EFBC}") = "RabbitMQConsumer", "RabbitMQConsumer\RabbitMQConsumer.csproj", "{F1CC7B99-D13D-4012-8120-149EC42A82BF}"
EndProject
Project("{FAE04EC0-301F-11D3-BF4B-00C04F79EFBC}") = "KafkaConsumer", "KafkaConsumer\KafkaConsumer.csproj", "{A67DBE0E-0B08-40C6-8CFB-435D11B9E1A2}"
EndProject
Project("{FAE04EC0-301F-11D3-BF4B-00C04F79EFBC}") = "KafkaConsumer1", "KafkaConsumer1\KafkaConsumer1.csproj", "{7BDB961B-C13A-4F11-A22A-0B4AD9C283AD}"
EndProject
Project("{FAE04EC0-301F-11D3-BF4B-00C04F79EFBC}") = "KafkaConsumer2", "KafkaConsumer2.cs\KafkaConsumer2.csproj", "{8ADC69A0-D063-4441-A51B-2790817305B1}"
EndProject
Project("{FAE04EC0-301F-11D3-BF4B-00C04F79EFBC}") = "KafkaConsumer3", "KafkaConsumer3.cs\KafkaConsumer3.csproj", "{2B049DC4-13BC-4E50-AB9F-1AE0F95E1EE2}"
EndProject
Project("{FAE04EC0-301F-11D3-BF4B-00C04F79EFBC}") = "KafkaConsumer4", "KafkaConsumer4.cs\KafkaConsumer4.csproj", "{AD767A7C-3DC9-42EF-9643-C98293187B8A}"
EndProject
Global
	GlobalSection(SolutionConfigurationPlatforms) = preSolution
		Debug|Any CPU = Debug|Any CPU
		Release|Any CPU = Release|Any CPU
	EndGlobalSection
	GlobalSection(ProjectConfigurationPlatforms) = postSolution
		{9BDFE519-CEC4-4F25-8184-EE00C1B8BFAD}.Debug|Any CPU.ActiveCfg = Debug|Any CPU
		{9BDFE519-CEC4-4F25-8184-EE00C1B8BFAD}.Debug|Any CPU.Build.0 = Debug|Any CPU
		{9BDFE519-CEC4-4F25-8184-EE00C1B8BFAD}.Release|Any CPU.ActiveCfg = Release|Any CPU
		{9BDFE519-CEC4-4F25-8184-EE00C1B8BFAD}.Release|Any CPU.Build.0 = Release|Any CPU
		{ECB269E5-6FEA-4105-8B0A-3890CE33AF67}.Debug|Any CPU.ActiveCfg = Debug|Any CPU
		{ECB269E5-6FEA-4105-8B0A-3890CE33AF67}.Debug|Any CPU.Build.0 = Debug|Any CPU
		{ECB269E5-6FEA-4105-8B0A-3890CE33AF67}.Release|Any CPU.ActiveCfg = Release|Any CPU
		{ECB269E5-6FEA-4105-8B0A-3890CE33AF67}.Release|Any CPU.Build.0 = Release|Any CPU
		{98900C05-36CC-4031-B3FB-A5D8186C93E7}.Debug|Any CPU.ActiveCfg = Debug|Any CPU
		{98900C05-36CC-4031-B3FB-A5D8186C93E7}.Debug|Any CPU.Build.0 = Debug|Any CPU
		{98900C05-36CC-4031-B3FB-A5D8186C93E7}.Release|Any CPU.ActiveCfg = Release|Any CPU
		{98900C05-36CC-4031-B3FB-A5D8186C93E7}.Release|Any CPU.Build.0 = Release|Any CPU
		{42DF0C08-A113-4638-A36A-7504A57E6FBC}.Debug|Any CPU.ActiveCfg = Debug|Any CPU
		{42DF0C08-A113-4638-A36A-7504A57E6FBC}.Debug|Any CPU.Build.0 = Debug|Any CPU
		{42DF0C08-A113-4638-A36A-7504A57E6FBC}.Release|Any CPU.ActiveCfg = Release|Any CPU
		{42DF0C08-A113-4638-A36A-7504A57E6FBC}.Release|Any CPU.Build.0 = Release|Any CPU
		{F1CC7B99-D13D-4012-8120-149EC42A82BF}.Debug|Any CPU.ActiveCfg = Debug|Any CPU
		{F1CC7B99-D13D-4012-8120-149EC42A82BF}.Debug|Any CPU.Build.0 = Debug|Any CPU
		{F1CC7B99-D13D-4012-8120-149EC42A82BF}.Release|Any CPU.ActiveCfg = Release|Any CPU
		{F1CC7B99-D13D-4012-8120-149EC42A82BF}.Release|Any CPU.Build.0 = Release|Any CPU
		{A67DBE0E-0B08-40C6-8CFB-435D11B9E1A2}.Debug|Any CPU.ActiveCfg = Debug|Any CPU
		{A67DBE0E-0B08-40C6-8CFB-435D11B9E1A2}.Debug|Any CPU.Build.0 = Debug|Any CPU
		{A67DBE0E-0B08-40C6-8CFB-435D11B9E1A2}.Release|Any CPU.ActiveCfg = Release|Any CPU
		{A67DBE0E-0B08-40C6-8CFB-435D11B9E1A2}.Release|Any CPU.Build.0 = Release|Any CPU
		{7BDB961B-C13A-4F11-A22A-0B4AD9C283AD}.Debug|Any CPU.ActiveCfg = Debug|Any CPU
		{7BDB961B-C13A-4F11-A22A-0B4AD9C283AD}.Debug|Any CPU.Build.0 = Debug|Any CPU
		{7BDB961B-C13A-4F11-A22A-0B4AD9C283AD}.Release|Any CPU.ActiveCfg = Release|Any CPU
		{7BDB961B-C13A-4F11-A22A-0B4AD9C283AD}.Release|Any CPU.Build.0 = Release|Any CPU
		{8ADC69A0-D063-4441-A51B-2790817305B1}.Debug|Any CPU.ActiveCfg = Debug|Any CPU
		{8ADC69A0-D063-4441-A51B-2790817305B1}.Debug|Any CPU.Build.0 = Debug|Any CPU
		{8ADC69A0-D063-4441-A51B-2790817305B1}.Release|Any CPU.ActiveCfg = Release|Any CPU
		{8ADC69A0-D063-4441-A51B-2790817305B1}.Release|Any CPU.Build.0 = Release|Any CPU
		{2B049DC4-13BC-4E50-AB9F-1AE0F95E1EE2}.Debug|Any CPU.ActiveCfg = Debug|Any CPU
		{2B049DC4-13BC-4E50-AB9F-1AE0F95E1EE2}.Debug|Any CPU.Build.0 = Debug|Any CPU
		{2B049DC4-13BC-4E50-AB9F-1AE0F95E1EE2}.Release|Any CPU.ActiveCfg = Release|Any CPU
		{2B049DC4-13BC-4E50-AB9F-1AE0F95E1EE2}.Release|Any CPU.Build.0 = Release|Any CPU
		{AD767A7C-3DC9-42EF-9643-C98293187B8A}.Debug|Any CPU.ActiveCfg = Debug|Any CPU
		{AD767A7C-3DC9-42EF-9643-C98293187B8A}.Debug|Any CPU.Build.0 = Debug|Any CPU
		{AD767A7C-3DC9-42EF-9643-C98293187B8A}.Release|Any CPU.ActiveCfg = Release|Any CPU
		{AD767A7C-3DC9-42EF-9643-C98293187B8A}.Release|Any CPU.Build.0 = Release|Any CPU
	EndGlobalSection
	GlobalSection(SolutionProperties) = preSolution
		HideSolutionNode = FALSE
	EndGlobalSection
	GlobalSection(ExtensibilityGlobals) = postSolution
		SolutionGuid = {0F665816-E23C-4F41-AA40-CAC9B60E9AC0}
	EndGlobalSection
EndGlobal
